
Microsoft Visual Studio Solution File, Format Version 12.00
# Visual Studio Version 17
VisualStudioVersion = 17.13.35931.197
MinimumVisualStudioVersion = 10.0.40219.1
Project("{2150E333-8FDC-42A3-9474-1A3956D46DE8}") = "src", "src", "{02EA681E-C7D8-13C7-8484-4AC65E1B71E8}"
EndProject
Project("{2150E333-8FDC-42A3-9474-1A3956D46DE8}") = "tests", "tests", "{E78702CC-DA25-4645-84B5-F92326B23058}"
EndProject
Project("{FAE04EC0-301F-11D3-BF4B-00C04F79EFBC}") = "Client", "src\Client\Client.csproj", "{7979A3A9-D126-4A86-9E9F-5DEE73073679}"
	ProjectSection(ProjectDependencies) = postProject
		{CE666E7A-EE6C-4404-8FAC-03104A4BC187} = {CE666E7A-EE6C-4404-8FAC-03104A4BC187}
	EndProjectSection
EndProject
Project("{FAE04EC0-301F-11D3-BF4B-00C04F79EFBC}") = "Client.UnitTests", "tests\unit\Client.UnitTests\Client.UnitTests.csproj", "{13E80FE1-431D-4D89-B964-0AD103957118}"
EndProject
Project("{FAE04EC0-301F-11D3-BF4B-00C04F79EFBC}") = "Shared", "src\Shared\Shared.csproj", "{CE666E7A-EE6C-4404-8FAC-03104A4BC187}"
EndProject
Project("{FAE04EC0-301F-11D3-BF4B-00C04F79EFBC}") = "Client.IntegrationTests", "tests\integration\Client.IntegrationTests\Client.IntegrationTests.csproj", "{64004D34-CFB3-4B67-86BD-B8340007AAC3}"
EndProject
Project("{FAE04EC0-301F-11D3-BF4B-00C04F79EFBC}") = "Utils", "tests\testutils\Utils\Utils.csproj", "{04ABD1A9-942D-4625-9D96-B9EF1AB948CB}"
EndProject
Global
	GlobalSection(SolutionConfigurationPlatforms) = preSolution
		Debug|Any CPU = Debug|Any CPU
		Release|Any CPU = Release|Any CPU
	EndGlobalSection
	GlobalSection(ProjectConfigurationPlatforms) = postSolution
		{7979A3A9-D126-4A86-9E9F-5DEE73073679}.Debug|Any CPU.ActiveCfg = Debug|Any CPU
		{7979A3A9-D126-4A86-9E9F-5DEE73073679}.Debug|Any CPU.Build.0 = Debug|Any CPU
		{7979A3A9-D126-4A86-9E9F-5DEE73073679}.Release|Any CPU.ActiveCfg = Release|Any CPU
		{7979A3A9-D126-4A86-9E9F-5DEE73073679}.Release|Any CPU.Build.0 = Release|Any CPU
		{13E80FE1-431D-4D89-B964-0AD103957118}.Debug|Any CPU.ActiveCfg = Debug|Any CPU
		{13E80FE1-431D-4D89-B964-0AD103957118}.Debug|Any CPU.Build.0 = Debug|Any CPU
		{13E80FE1-431D-4D89-B964-0AD103957118}.Release|Any CPU.ActiveCfg = Release|Any CPU
		{13E80FE1-431D-4D89-B964-0AD103957118}.Release|Any CPU.Build.0 = Release|Any CPU
		{CE666E7A-EE6C-4404-8FAC-03104A4BC187}.Debug|Any CPU.ActiveCfg = Debug|Any CPU
		{CE666E7A-EE6C-4404-8FAC-03104A4BC187}.Debug|Any CPU.Build.0 = Debug|Any CPU
		{CE666E7A-EE6C-4404-8FAC-03104A4BC187}.Release|Any CPU.ActiveCfg = Release|Any CPU
		{CE666E7A-EE6C-4404-8FAC-03104A4BC187}.Release|Any CPU.Build.0 = Release|Any CPU
		{64004D34-CFB3-4B67-86BD-B8340007AAC3}.Debug|Any CPU.ActiveCfg = Debug|Any CPU
		{64004D34-CFB3-4B67-86BD-B8340007AAC3}.Debug|Any CPU.Build.0 = Debug|Any CPU
		{64004D34-CFB3-4B67-86BD-B8340007AAC3}.Release|Any CPU.ActiveCfg = Release|Any CPU
		{64004D34-CFB3-4B67-86BD-B8340007AAC3}.Release|Any CPU.Build.0 = Release|Any CPU
		{04ABD1A9-942D-4625-9D96-B9EF1AB948CB}.Debug|Any CPU.ActiveCfg = Debug|Any CPU
		{04ABD1A9-942D-4625-9D96-B9EF1AB948CB}.Debug|Any CPU.Build.0 = Debug|Any CPU
		{04ABD1A9-942D-4625-9D96-B9EF1AB948CB}.Release|Any CPU.ActiveCfg = Release|Any CPU
		{04ABD1A9-942D-4625-9D96-B9EF1AB948CB}.Release|Any CPU.Build.0 = Release|Any CPU
	EndGlobalSection
	GlobalSection(SolutionProperties) = preSolution
		HideSolutionNode = FALSE
	EndGlobalSection
	GlobalSection(NestedProjects) = preSolution
		{7979A3A9-D126-4A86-9E9F-5DEE73073679} = {02EA681E-C7D8-13C7-8484-4AC65E1B71E8}
		{13E80FE1-431D-4D89-B964-0AD103957118} = {E78702CC-DA25-4645-84B5-F92326B23058}
		{CE666E7A-EE6C-4404-8FAC-03104A4BC187} = {02EA681E-C7D8-13C7-8484-4AC65E1B71E8}
		{64004D34-CFB3-4B67-86BD-B8340007AAC3} = {E78702CC-DA25-4645-84B5-F92326B23058}
		{04ABD1A9-942D-4625-9D96-B9EF1AB948CB} = {E78702CC-DA25-4645-84B5-F92326B23058}
	EndGlobalSection
	GlobalSection(ExtensibilityGlobals) = postSolution
		SolutionGuid = {2E4107EC-E41B-4451-B885-A83969EFA84C}
	EndGlobalSection
EndGlobal
